
Microsoft Visual Studio Solution File, Format Version 12.00
# Visual Studio Version 16
VisualStudioVersion = 16.0.31005.135
MinimumVisualStudioVersion = 10.0.40219.1
Project("{FAE04EC0-301F-11D3-BF4B-00C04F79EFBC}") = "TaskManagerApp", "TaskManagerApp\TaskManagerApp.csproj", "{763E6F2C-F145-487D-84AB-95CE9F33A49E}"
EndProject
Project("{FAE04EC0-301F-11D3-BF4B-00C04F79EFBC}") = "Task.Library", "Task.Library\Task.Library.csproj", "{5BEE0842-FBFB-4124-A28F-294EF2ABECC7}"
EndProject
Global
	GlobalSection(SolutionConfigurationPlatforms) = preSolution
		Debug|Any CPU = Debug|Any CPU
		Release|Any CPU = Release|Any CPU
	EndGlobalSection
	GlobalSection(ProjectConfigurationPlatforms) = postSolution
		{763E6F2C-F145-487D-84AB-95CE9F33A49E}.Debug|Any CPU.ActiveCfg = Debug|Any CPU
		{763E6F2C-F145-487D-84AB-95CE9F33A49E}.Debug|Any CPU.Build.0 = Debug|Any CPU
		{763E6F2C-F145-487D-84AB-95CE9F33A49E}.Release|Any CPU.ActiveCfg = Release|Any CPU
		{763E6F2C-F145-487D-84AB-95CE9F33A49E}.Release|Any CPU.Build.0 = Release|Any CPU
		{5BEE0842-FBFB-4124-A28F-294EF2ABECC7}.Debug|Any CPU.ActiveCfg = Debug|Any CPU
		{5BEE0842-FBFB-4124-A28F-294EF2ABECC7}.Debug|Any CPU.Build.0 = Debug|Any CPU
		{5BEE0842-FBFB-4124-A28F-294EF2ABECC7}.Release|Any CPU.ActiveCfg = Release|Any CPU
		{5BEE0842-FBFB-4124-A28F-294EF2ABECC7}.Release|Any CPU.Build.0 = Release|Any CPU
	EndGlobalSection
	GlobalSection(SolutionProperties) = preSolution
		HideSolutionNode = FALSE
	EndGlobalSection
	GlobalSection(ExtensibilityGlobals) = postSolution
		SolutionGuid = {B49A9B25-728B-4DAD-BCDA-B5BC6A0BC044}
	EndGlobalSection
EndGlobal
